
Microsoft Visual Studio Solution File, Format Version 12.00
# Visual Studio Version 17
VisualStudioVersion = 17.4.33403.182
MinimumVisualStudioVersion = 10.0.40219.1
Project("{FAE04EC0-301F-11D3-BF4B-00C04F79EFBC}") = "NUnitDemonstration", "NUnitDemonstration\NUnitDemonstration.csproj", "{9A384649-21EE-49D4-AA14-9837E3D99C50}"
EndProject
Global
	GlobalSection(SolutionConfigurationPlatforms) = preSolution
		Debug|Any CPU = Debug|Any CPU
		Release|Any CPU = Release|Any CPU
	EndGlobalSection
	GlobalSection(ProjectConfigurationPlatforms) = postSolution
		{9A384649-21EE-49D4-AA14-9837E3D99C50}.Debug|Any CPU.ActiveCfg = Debug|Any CPU
		{9A384649-21EE-49D4-AA14-9837E3D99C50}.Debug|Any CPU.Build.0 = Debug|Any CPU
		{9A384649-21EE-49D4-AA14-9837E3D99C50}.Release|Any CPU.ActiveCfg = Release|Any CPU
		{9A384649-21EE-49D4-AA14-9837E3D99C50}.Release|Any CPU.Build.0 = Release|Any CPU
	EndGlobalSection
	GlobalSection(SolutionProperties) = preSolution
		HideSolutionNode = FALSE
	EndGlobalSection
	GlobalSection(ExtensibilityGlobals) = postSolution
		SolutionGuid = {00AFC874-A06C-4C2E-946B-A97E9B54F15C}
	EndGlobalSection
EndGlobal
